{
  "name": "cf-d1-to-worker-region-latency-analytics",
  "version": "0.1.0",
  "lockfileVersion": 3,
  "requires": true,
  "packages": {
    "": {
      "name": "cf-d1-to-worker-region-latency-analytics",
      "version": "0.1.0",
      "license": "MIT",
      "dependencies": {
        "clusterize.js": "^1.0.0"
      },
      "engines": {
        "node": ">=20"
      }
    },
    "node_modules/clusterize.js": {
      "version": "1.0.0",
      "resolved": "https://registry.npmjs.org/clusterize.js/-/clusterize.js-1.0.0.tgz",
      "integrity": "sha512-EEYhO8rOvw9JVaHLgEFdvvg9H6ug/GVl8KgakOoc9hg4FK6xmyYsC4B0Aw/QI6ClPxaGPKBetO+ISvCY8N/uUQ==",
      "license": "MIT"
    }
  }
}
